
Microsoft Visual Studio Solution File, Format Version 12.00
# Visual Studio Version 17
VisualStudioVersion = 17.0.31815.197
MinimumVisualStudioVersion = 10.0.40219.1
Project("{9A19103F-16F7-4668-BE54-9A1E7A4F7556}") = "StrategyPattern", "DesignPattern\StrategyPattern\StrategyPattern.csproj", "{AB7B9FB2-4691-4D84-8006-B584B71B3FD9}"
EndProject
Project("{9A19103F-16F7-4668-BE54-9A1E7A4F7556}") = "ServiceLocatorDesignPattern", "DesignPattern\ServiceLocator\ServiceLocatorDesignPattern.csproj", "{D2A40414-72A5-4167-AED0-ECA361C53987}"
EndProject
Project("{2150E333-8FDC-42A3-9474-1A3956D46DE8}") = "DesignPattern", "DesignPattern", "{6AE4C871-FDE4-4577-AE44-EEEEDB400DE3}"
EndProject
Project("{2150E333-8FDC-42A3-9474-1A3956D46DE8}") = "MicroService", "MicroService", "{38E94287-5F41-45E3-9B38-E9075D5C7A10}"
EndProject
Project("{2150E333-8FDC-42A3-9474-1A3956D46DE8}") = "Services", "Services", "{56769F51-C5C7-44D8-8435-7BC44C20C706}"
EndProject
Project("{FAE04EC0-301F-11D3-BF4B-00C04F79EFBC}") = "Basket", "MicroService\Services\Basket\Basket.csproj", "{DF1B6F4C-6847-4829-813E-8954E4A3077D}"
EndProject
Project("{2150E333-8FDC-42A3-9474-1A3956D46DE8}") = "Shared", "Shared", "{8A950854-0DBB-43B5-8D52-24DFBAC2AC3B}"
EndProject
Project("{FAE04EC0-301F-11D3-BF4B-00C04F79EFBC}") = "MicroService.Shared", "MicroService\Shared\MicroService.Shared\MicroService.Shared.csproj", "{37E94BFD-0670-4467-9CD9-3D90F23E74D1}"
EndProject
Global
	GlobalSection(SolutionConfigurationPlatforms) = preSolution
		Debug|Any CPU = Debug|Any CPU
		Release|Any CPU = Release|Any CPU
	EndGlobalSection
	GlobalSection(ProjectConfigurationPlatforms) = postSolution
		{AB7B9FB2-4691-4D84-8006-B584B71B3FD9}.Debug|Any CPU.ActiveCfg = Debug|Any CPU
		{AB7B9FB2-4691-4D84-8006-B584B71B3FD9}.Debug|Any CPU.Build.0 = Debug|Any CPU
		{AB7B9FB2-4691-4D84-8006-B584B71B3FD9}.Release|Any CPU.ActiveCfg = Release|Any CPU
		{AB7B9FB2-4691-4D84-8006-B584B71B3FD9}.Release|Any CPU.Build.0 = Release|Any CPU
		{D2A40414-72A5-4167-AED0-ECA361C53987}.Debug|Any CPU.ActiveCfg = Debug|Any CPU
		{D2A40414-72A5-4167-AED0-ECA361C53987}.Debug|Any CPU.Build.0 = Debug|Any CPU
		{D2A40414-72A5-4167-AED0-ECA361C53987}.Release|Any CPU.ActiveCfg = Release|Any CPU
		{D2A40414-72A5-4167-AED0-ECA361C53987}.Release|Any CPU.Build.0 = Release|Any CPU
		{DF1B6F4C-6847-4829-813E-8954E4A3077D}.Debug|Any CPU.ActiveCfg = Debug|Any CPU
		{DF1B6F4C-6847-4829-813E-8954E4A3077D}.Debug|Any CPU.Build.0 = Debug|Any CPU
		{DF1B6F4C-6847-4829-813E-8954E4A3077D}.Release|Any CPU.ActiveCfg = Release|Any CPU
		{DF1B6F4C-6847-4829-813E-8954E4A3077D}.Release|Any CPU.Build.0 = Release|Any CPU
		{37E94BFD-0670-4467-9CD9-3D90F23E74D1}.Debug|Any CPU.ActiveCfg = Debug|Any CPU
		{37E94BFD-0670-4467-9CD9-3D90F23E74D1}.Debug|Any CPU.Build.0 = Debug|Any CPU
		{37E94BFD-0670-4467-9CD9-3D90F23E74D1}.Release|Any CPU.ActiveCfg = Release|Any CPU
		{37E94BFD-0670-4467-9CD9-3D90F23E74D1}.Release|Any CPU.Build.0 = Release|Any CPU
	EndGlobalSection
	GlobalSection(SolutionProperties) = preSolution
		HideSolutionNode = FALSE
	EndGlobalSection
	GlobalSection(NestedProjects) = preSolution
		{AB7B9FB2-4691-4D84-8006-B584B71B3FD9} = {6AE4C871-FDE4-4577-AE44-EEEEDB400DE3}
		{D2A40414-72A5-4167-AED0-ECA361C53987} = {6AE4C871-FDE4-4577-AE44-EEEEDB400DE3}
		{56769F51-C5C7-44D8-8435-7BC44C20C706} = {38E94287-5F41-45E3-9B38-E9075D5C7A10}
		{DF1B6F4C-6847-4829-813E-8954E4A3077D} = {56769F51-C5C7-44D8-8435-7BC44C20C706}
		{8A950854-0DBB-43B5-8D52-24DFBAC2AC3B} = {38E94287-5F41-45E3-9B38-E9075D5C7A10}
		{37E94BFD-0670-4467-9CD9-3D90F23E74D1} = {8A950854-0DBB-43B5-8D52-24DFBAC2AC3B}
	EndGlobalSection
	GlobalSection(ExtensibilityGlobals) = postSolution
		SolutionGuid = {9C6B86EC-B8EF-4CCB-9230-9CC134EE93A5}
	EndGlobalSection
EndGlobal
